
Microsoft Visual Studio Solution File, Format Version 12.00
# Visual Studio Version 17
VisualStudioVersion = 17.4.33110.190
MinimumVisualStudioVersion = 10.0.40219.1
Project("{888888A0-9F3D-457C-B088-3A5042F75D52}") = "python_features", "python_features\python_features.pyproj", "{8F0F2C5D-1387-4A95-9386-62D3241802FA}"
EndProject
Global
	GlobalSection(SolutionConfigurationPlatforms) = preSolution
		Debug|Any CPU = Debug|Any CPU
		Release|Any CPU = Release|Any CPU
	EndGlobalSection
	GlobalSection(ProjectConfigurationPlatforms) = postSolution
		{8F0F2C5D-1387-4A95-9386-62D3241802FA}.Debug|Any CPU.ActiveCfg = Debug|Any CPU
		{8F0F2C5D-1387-4A95-9386-62D3241802FA}.Release|Any CPU.ActiveCfg = Release|Any CPU
	EndGlobalSection
	GlobalSection(SolutionProperties) = preSolution
		HideSolutionNode = FALSE
	EndGlobalSection
	GlobalSection(ExtensibilityGlobals) = postSolution
		SolutionGuid = {EA5AB024-69EA-4815-8C9D-E390DFD99488}
	EndGlobalSection
EndGlobal
